{
  "name": "@snodec/codex-ui-web",
  "version": "0.1.0",
  "lockfileVersion": 3,
  "requires": true,
  "packages": {
    "": {
      "name": "@snodec/codex-ui-web",
      "version": "0.1.0",
      "dependencies": {
        "@snodec/codex-frontend": "file:../../../AISuite-extraction/AISuite-final/packages/codex-frontend"
      }
    },
    "../../../AISuite-extraction/AISuite-final/packages/codex-frontend": {
      "name": "@snodec/codex-frontend",
      "version": "0.1.0",
      "license": "LGPL-3.0-or-later OR MIT"
    },
    "node_modules/@snodec/codex-frontend": {
      "resolved": "../../../AISuite-extraction/AISuite-final/packages/codex-frontend",
      "link": true
    }
  }
}
